
Microsoft Visual Studio Solution File, Format Version 12.00
# Visual Studio 15
VisualStudioVersion = 15.0.26430.15
MinimumVisualStudioVersion = 10.0.40219.1
Project("{FAE04EC0-301F-11D3-BF4B-00C04F79EFBC}") = "AxQuality", "AxQuality\AxQuality.csproj", "{EBF4DE7B-53CB-4F6A-8A86-BD7E0190E469}"
EndProject
Project("{2150E333-8FDC-42A3-9474-1A3956D46DE8}") = ".nuget", ".nuget", "{CCB5A139-685F-416B-889E-56078899D2B8}"
	ProjectSection(SolutionItems) = preProject
		.nuget\NuGet.Config = .nuget\NuGet.Config
		.nuget\NuGet.exe = .nuget\NuGet.exe
		.nuget\NuGet.targets = .nuget\NuGet.targets
	EndProjectSection
EndProject
Project("{FAE04EC0-301F-11D3-BF4B-00C04F79EFBC}") = "AxConfiguration", "AxConfiguration\AxConfiguration.csproj", "{38C34733-3C7D-484D-9BD1-39C9F1744371}"
EndProject
Project("{2150E333-8FDC-42A3-9474-1A3956D46DE8}") = "Unit.Tests", "Unit.Tests", "{3926A2C5-EDA5-467D-8021-A6285856B343}"
EndProject
Project("{FAE04EC0-301F-11D3-BF4B-00C04F79EFBC}") = "AxConfiguration.UnitTests", "AxConfiguration.UnitTests\AxConfiguration.UnitTests.csproj", "{3416A2BF-4ADF-4A72-B0D9-4149A60D21E6}"
EndProject
Project("{FAE04EC0-301F-11D3-BF4B-00C04F79EFBC}") = "AxCrypt", "AxCrypt\AxCrypt.csproj", "{72D78FD6-5191-44BE-98EF-2D847E7EE12D}"
EndProject
Project("{FAE04EC0-301F-11D3-BF4B-00C04F79EFBC}") = "AxCrypt.UnitTests", "AxCrypt.UnitTests\AxCrypt.UnitTests.csproj", "{15D95364-5536-4EB6-A221-BC5AC2400EAB}"
EndProject
Project("{2150E333-8FDC-42A3-9474-1A3956D46DE8}") = "AxQuality.Sample", "AxQuality.Sample", "{37B01BE5-D385-49CA-96C5-E4B8269138B3}"
EndProject
Project("{FAE04EC0-301F-11D3-BF4B-00C04F79EFBC}") = "AxQuality.Sample", "AxQuality.Sample\AxQuality.Sample\AxQuality.Sample.csproj", "{87BBF49D-94CF-499F-825F-5643CB841B08}"
EndProject
Project("{FAE04EC0-301F-11D3-BF4B-00C04F79EFBC}") = "AxQuality.Sample.Interfaces", "AxQuality.Sample\AxQuality.Sample.Interfaces\AxQuality.Sample.Interfaces.csproj", "{DE7160E5-7DB0-4B94-9CBE-280881A97E7B}"
EndProject
Project("{FAE04EC0-301F-11D3-BF4B-00C04F79EFBC}") = "AxQuality.Sample.UnitTests", "AxQuality.Sample.UnitTests\AxQuality.Sample.UnitTests.csproj", "{D5F9154F-E74C-4BCC-88D8-71502F8115C8}"
EndProject
Project("{FAE04EC0-301F-11D3-BF4B-00C04F79EFBC}") = "AxExtensions", "AxExtensions\AxExtensions.csproj", "{F3EEFDB9-EE62-4962-B8FE-6D709F0C63F8}"
EndProject
Project("{FAE04EC0-301F-11D3-BF4B-00C04F79EFBC}") = "AxUtils", "AxUtils\AxUtils.csproj", "{0772C612-7C30-4CBE-8499-186B62970671}"
EndProject
Project("{FAE04EC0-301F-11D3-BF4B-00C04F79EFBC}") = "AxUtils.UnitTests", "AxUtils.UnitTests\AxUtils.UnitTests.csproj", "{DDE311BB-FEEB-4DE9-8F53-5C2DC5B8A63F}"
EndProject
Project("{FAE04EC0-301F-11D3-BF4B-00C04F79EFBC}") = "AxExtensions.UnitTests", "AxExtensions.UnitTests\AxExtensions.UnitTests.csproj", "{F56CA93C-E15A-4607-9961-074BD44C3228}"
EndProject
Project("{FAE04EC0-301F-11D3-BF4B-00C04F79EFBC}") = "AxMsmq", "AxMsmq\AxMsmq.csproj", "{C6C58F02-2FA0-48A7-9862-E5C161E5AB7B}"
EndProject
Project("{FAE04EC0-301F-11D3-BF4B-00C04F79EFBC}") = "AxFixEngine", "AxFixEngine\AxFixEngine.csproj", "{BA2A8276-B890-43BF-B05D-2AF2222F13A4}"
EndProject
Project("{FAE04EC0-301F-11D3-BF4B-00C04F79EFBC}") = "AxHosting", "AxHosting\AxHosting.csproj", "{5BF58CC6-EF21-4EB4-9056-A6C13BEA6250}"
EndProject
Project("{FAE04EC0-301F-11D3-BF4B-00C04F79EFBC}") = "AxData", "AxData\AxData.csproj", "{ACACD0AA-5ED4-4302-8A9B-E6986EC994D4}"
EndProject
Project("{FAE04EC0-301F-11D3-BF4B-00C04F79EFBC}") = "AxCommandLine", "AxCommandLine\AxCommandLine.csproj", "{66255424-F482-43E7-B23D-77945739B854}"
EndProject
Project("{FAE04EC0-301F-11D3-BF4B-00C04F79EFBC}") = "AxCommandLine.UnitTests", "AxCommandLine.UnitTests\AxCommandLine.UnitTests.csproj", "{6227A554-CB7F-4E3D-B9A2-CE36AFE69B5E}"
EndProject
Project("{FAE04EC0-301F-11D3-BF4B-00C04F79EFBC}") = "AxFixServer", "AxFixServer\AxFixServer.csproj", "{88972574-31D9-44F6-9E2F-690103421477}"
EndProject
Project("{FAE04EC0-301F-11D3-BF4B-00C04F79EFBC}") = "AxFixEngine.UnitTests", "AxFixEngine.UnitTests\AxFixEngine.UnitTests.csproj", "{58131DD8-A53F-4A81-B84D-B35B930CECC9}"
EndProject
Project("{FAE04EC0-301F-11D3-BF4B-00C04F79EFBC}") = "AxCommonLogger", "AxCommonLogger\AxCommonLogger.csproj", "{3DBD2AE8-2E2A-4A07-AF80-8991C8B833CC}"
EndProject
Project("{FAE04EC0-301F-11D3-BF4B-00C04F79EFBC}") = "AxSybase", "AxSybase\AxSybase.csproj", "{7B443E7F-C485-4D1A-B347-D7AE2D8BFEC9}"
EndProject
Project("{FAE04EC0-301F-11D3-BF4B-00C04F79EFBC}") = "AxRepository", "AxRepository\AxRepository.csproj", "{342C00FE-29D4-4DCA-B701-AE304B23DFEF}"
EndProject
Project("{FAE04EC0-301F-11D3-BF4B-00C04F79EFBC}") = "AxMsmqSample", "AxMsmqSample\AxMsmqSample.csproj", "{ECA7AC8D-2EC6-4220-B08B-4B38698163F1}"
EndProject
Global
	GlobalSection(SolutionConfigurationPlatforms) = preSolution
		Debug|Any CPU = Debug|Any CPU
		Debug|ARM = Debug|ARM
		Debug|x64 = Debug|x64
		Debug|x86 = Debug|x86
		Release|Any CPU = Release|Any CPU
		Release|ARM = Release|ARM
		Release|x64 = Release|x64
		Release|x86 = Release|x86
	EndGlobalSection
	GlobalSection(ProjectConfigurationPlatforms) = postSolution
		{EBF4DE7B-53CB-4F6A-8A86-BD7E0190E469}.Debug|Any CPU.ActiveCfg = Debug|Any CPU
		{EBF4DE7B-53CB-4F6A-8A86-BD7E0190E469}.Debug|Any CPU.Build.0 = Debug|Any CPU
		{EBF4DE7B-53CB-4F6A-8A86-BD7E0190E469}.Debug|ARM.ActiveCfg = Debug|Any CPU
		{EBF4DE7B-53CB-4F6A-8A86-BD7E0190E469}.Debug|x64.ActiveCfg = Debug|Any CPU
		{EBF4DE7B-53CB-4F6A-8A86-BD7E0190E469}.Debug|x86.ActiveCfg = Debug|Any CPU
		{EBF4DE7B-53CB-4F6A-8A86-BD7E0190E469}.Release|Any CPU.ActiveCfg = Release|Any CPU
		{EBF4DE7B-53CB-4F6A-8A86-BD7E0190E469}.Release|Any CPU.Build.0 = Release|Any CPU
		{EBF4DE7B-53CB-4F6A-8A86-BD7E0190E469}.Release|ARM.ActiveCfg = Release|Any CPU
		{EBF4DE7B-53CB-4F6A-8A86-BD7E0190E469}.Release|x64.ActiveCfg = Release|Any CPU
		{EBF4DE7B-53CB-4F6A-8A86-BD7E0190E469}.Release|x86.ActiveCfg = Release|Any CPU
		{38C34733-3C7D-484D-9BD1-39C9F1744371}.Debug|Any CPU.ActiveCfg = Debug|Any CPU
		{38C34733-3C7D-484D-9BD1-39C9F1744371}.Debug|Any CPU.Build.0 = Debug|Any CPU
		{38C34733-3C7D-484D-9BD1-39C9F1744371}.Debug|ARM.ActiveCfg = Debug|Any CPU
		{38C34733-3C7D-484D-9BD1-39C9F1744371}.Debug|x64.ActiveCfg = Debug|Any CPU
		{38C34733-3C7D-484D-9BD1-39C9F1744371}.Debug|x86.ActiveCfg = Debug|Any CPU
		{38C34733-3C7D-484D-9BD1-39C9F1744371}.Release|Any CPU.ActiveCfg = Release|Any CPU
		{38C34733-3C7D-484D-9BD1-39C9F1744371}.Release|Any CPU.Build.0 = Release|Any CPU
		{38C34733-3C7D-484D-9BD1-39C9F1744371}.Release|ARM.ActiveCfg = Release|Any CPU
		{38C34733-3C7D-484D-9BD1-39C9F1744371}.Release|x64.ActiveCfg = Release|Any CPU
		{38C34733-3C7D-484D-9BD1-39C9F1744371}.Release|x86.ActiveCfg = Release|Any CPU
		{3416A2BF-4ADF-4A72-B0D9-4149A60D21E6}.Debug|Any CPU.ActiveCfg = Debug|Any CPU
		{3416A2BF-4ADF-4A72-B0D9-4149A60D21E6}.Debug|Any CPU.Build.0 = Debug|Any CPU
		{3416A2BF-4ADF-4A72-B0D9-4149A60D21E6}.Debug|ARM.ActiveCfg = Debug|Any CPU
		{3416A2BF-4ADF-4A72-B0D9-4149A60D21E6}.Debug|x64.ActiveCfg = Debug|Any CPU
		{3416A2BF-4ADF-4A72-B0D9-4149A60D21E6}.Debug|x86.ActiveCfg = Debug|Any CPU
		{3416A2BF-4ADF-4A72-B0D9-4149A60D21E6}.Release|Any CPU.ActiveCfg = Release|Any CPU
		{3416A2BF-4ADF-4A72-B0D9-4149A60D21E6}.Release|Any CPU.Build.0 = Release|Any CPU
		{3416A2BF-4ADF-4A72-B0D9-4149A60D21E6}.Release|ARM.ActiveCfg = Release|Any CPU
		{3416A2BF-4ADF-4A72-B0D9-4149A60D21E6}.Release|x64.ActiveCfg = Release|Any CPU
		{3416A2BF-4ADF-4A72-B0D9-4149A60D21E6}.Release|x86.ActiveCfg = Release|Any CPU
		{72D78FD6-5191-44BE-98EF-2D847E7EE12D}.Debug|Any CPU.ActiveCfg = Debug|Any CPU
		{72D78FD6-5191-44BE-98EF-2D847E7EE12D}.Debug|Any CPU.Build.0 = Debug|Any CPU
		{72D78FD6-5191-44BE-98EF-2D847E7EE12D}.Debug|ARM.ActiveCfg = Debug|Any CPU
		{72D78FD6-5191-44BE-98EF-2D847E7EE12D}.Debug|x64.ActiveCfg = Debug|Any CPU
		{72D78FD6-5191-44BE-98EF-2D847E7EE12D}.Debug|x86.ActiveCfg = Debug|Any CPU
		{72D78FD6-5191-44BE-98EF-2D847E7EE12D}.Release|Any CPU.ActiveCfg = Release|Any CPU
		{72D78FD6-5191-44BE-98EF-2D847E7EE12D}.Release|Any CPU.Build.0 = Release|Any CPU
		{72D78FD6-5191-44BE-98EF-2D847E7EE12D}.Release|ARM.ActiveCfg = Release|Any CPU
		{72D78FD6-5191-44BE-98EF-2D847E7EE12D}.Release|x64.ActiveCfg = Release|Any CPU
		{72D78FD6-5191-44BE-98EF-2D847E7EE12D}.Release|x86.ActiveCfg = Release|Any CPU
		{15D95364-5536-4EB6-A221-BC5AC2400EAB}.Debug|Any CPU.ActiveCfg = Debug|Any CPU
		{15D95364-5536-4EB6-A221-BC5AC2400EAB}.Debug|Any CPU.Build.0 = Debug|Any CPU
		{15D95364-5536-4EB6-A221-BC5AC2400EAB}.Debug|ARM.ActiveCfg = Debug|Any CPU
		{15D95364-5536-4EB6-A221-BC5AC2400EAB}.Debug|x64.ActiveCfg = Debug|Any CPU
		{15D95364-5536-4EB6-A221-BC5AC2400EAB}.Debug|x86.ActiveCfg = Debug|Any CPU
		{15D95364-5536-4EB6-A221-BC5AC2400EAB}.Release|Any CPU.ActiveCfg = Release|Any CPU
		{15D95364-5536-4EB6-A221-BC5AC2400EAB}.Release|Any CPU.Build.0 = Release|Any CPU
		{15D95364-5536-4EB6-A221-BC5AC2400EAB}.Release|ARM.ActiveCfg = Release|Any CPU
		{15D95364-5536-4EB6-A221-BC5AC2400EAB}.Release|x64.ActiveCfg = Release|Any CPU
		{15D95364-5536-4EB6-A221-BC5AC2400EAB}.Release|x86.ActiveCfg = Release|Any CPU
		{87BBF49D-94CF-499F-825F-5643CB841B08}.Debug|Any CPU.ActiveCfg = Debug|Any CPU
		{87BBF49D-94CF-499F-825F-5643CB841B08}.Debug|Any CPU.Build.0 = Debug|Any CPU
		{87BBF49D-94CF-499F-825F-5643CB841B08}.Debug|ARM.ActiveCfg = Debug|Any CPU
		{87BBF49D-94CF-499F-825F-5643CB841B08}.Debug|x64.ActiveCfg = Debug|Any CPU
		{87BBF49D-94CF-499F-825F-5643CB841B08}.Debug|x86.ActiveCfg = Debug|Any CPU
		{87BBF49D-94CF-499F-825F-5643CB841B08}.Release|Any CPU.ActiveCfg = Release|Any CPU
		{87BBF49D-94CF-499F-825F-5643CB841B08}.Release|Any CPU.Build.0 = Release|Any CPU
		{87BBF49D-94CF-499F-825F-5643CB841B08}.Release|ARM.ActiveCfg = Release|Any CPU
		{87BBF49D-94CF-499F-825F-5643CB841B08}.Release|x64.ActiveCfg = Release|Any CPU
		{87BBF49D-94CF-499F-825F-5643CB841B08}.Release|x86.ActiveCfg = Release|Any CPU
		{DE7160E5-7DB0-4B94-9CBE-280881A97E7B}.Debug|Any CPU.ActiveCfg = Debug|Any CPU
		{DE7160E5-7DB0-4B94-9CBE-280881A97E7B}.Debug|Any CPU.Build.0 = Debug|Any CPU
		{DE7160E5-7DB0-4B94-9CBE-280881A97E7B}.Debug|ARM.ActiveCfg = Debug|Any CPU
		{DE7160E5-7DB0-4B94-9CBE-280881A97E7B}.Debug|x64.ActiveCfg = Debug|Any CPU
		{DE7160E5-7DB0-4B94-9CBE-280881A97E7B}.Debug|x86.ActiveCfg = Debug|Any CPU
		{DE7160E5-7DB0-4B94-9CBE-280881A97E7B}.Release|Any CPU.ActiveCfg = Release|Any CPU
		{DE7160E5-7DB0-4B94-9CBE-280881A97E7B}.Release|Any CPU.Build.0 = Release|Any CPU
		{DE7160E5-7DB0-4B94-9CBE-280881A97E7B}.Release|ARM.ActiveCfg = Release|Any CPU
		{DE7160E5-7DB0-4B94-9CBE-280881A97E7B}.Release|x64.ActiveCfg = Release|Any CPU
		{DE7160E5-7DB0-4B94-9CBE-280881A97E7B}.Release|x86.ActiveCfg = Release|Any CPU
		{D5F9154F-E74C-4BCC-88D8-71502F8115C8}.Debug|Any CPU.ActiveCfg = Debug|Any CPU
		{D5F9154F-E74C-4BCC-88D8-71502F8115C8}.Debug|Any CPU.Build.0 = Debug|Any CPU
		{D5F9154F-E74C-4BCC-88D8-71502F8115C8}.Debug|ARM.ActiveCfg = Debug|Any CPU
		{D5F9154F-E74C-4BCC-88D8-71502F8115C8}.Debug|x64.ActiveCfg = Debug|Any CPU
		{D5F9154F-E74C-4BCC-88D8-71502F8115C8}.Debug|x86.ActiveCfg = Debug|Any CPU
		{D5F9154F-E74C-4BCC-88D8-71502F8115C8}.Release|Any CPU.ActiveCfg = Release|Any CPU
		{D5F9154F-E74C-4BCC-88D8-71502F8115C8}.Release|Any CPU.Build.0 = Release|Any CPU
		{D5F9154F-E74C-4BCC-88D8-71502F8115C8}.Release|ARM.ActiveCfg = Release|Any CPU
		{D5F9154F-E74C-4BCC-88D8-71502F8115C8}.Release|x64.ActiveCfg = Release|Any CPU
		{D5F9154F-E74C-4BCC-88D8-71502F8115C8}.Release|x86.ActiveCfg = Release|Any CPU
		{F3EEFDB9-EE62-4962-B8FE-6D709F0C63F8}.Debug|Any CPU.ActiveCfg = Debug|Any CPU
		{F3EEFDB9-EE62-4962-B8FE-6D709F0C63F8}.Debug|Any CPU.Build.0 = Debug|Any CPU
		{F3EEFDB9-EE62-4962-B8FE-6D709F0C63F8}.Debug|ARM.ActiveCfg = Debug|Any CPU
		{F3EEFDB9-EE62-4962-B8FE-6D709F0C63F8}.Debug|x64.ActiveCfg = Debug|Any CPU
		{F3EEFDB9-EE62-4962-B8FE-6D709F0C63F8}.Debug|x86.ActiveCfg = Debug|Any CPU
		{F3EEFDB9-EE62-4962-B8FE-6D709F0C63F8}.Release|Any CPU.ActiveCfg = Release|Any CPU
		{F3EEFDB9-EE62-4962-B8FE-6D709F0C63F8}.Release|Any CPU.Build.0 = Release|Any CPU
		{F3EEFDB9-EE62-4962-B8FE-6D709F0C63F8}.Release|ARM.ActiveCfg = Release|Any CPU
		{F3EEFDB9-EE62-4962-B8FE-6D709F0C63F8}.Release|x64.ActiveCfg = Release|Any CPU
		{F3EEFDB9-EE62-4962-B8FE-6D709F0C63F8}.Release|x86.ActiveCfg = Release|Any CPU
		{0772C612-7C30-4CBE-8499-186B62970671}.Debug|Any CPU.ActiveCfg = Debug|Any CPU
		{0772C612-7C30-4CBE-8499-186B62970671}.Debug|Any CPU.Build.0 = Debug|Any CPU
		{0772C612-7C30-4CBE-8499-186B62970671}.Debug|ARM.ActiveCfg = Debug|Any CPU
		{0772C612-7C30-4CBE-8499-186B62970671}.Debug|x64.ActiveCfg = Debug|Any CPU
		{0772C612-7C30-4CBE-8499-186B62970671}.Debug|x86.ActiveCfg = Debug|Any CPU
		{0772C612-7C30-4CBE-8499-186B62970671}.Release|Any CPU.ActiveCfg = Release|Any CPU
		{0772C612-7C30-4CBE-8499-186B62970671}.Release|Any CPU.Build.0 = Release|Any CPU
		{0772C612-7C30-4CBE-8499-186B62970671}.Release|ARM.ActiveCfg = Release|Any CPU
		{0772C612-7C30-4CBE-8499-186B62970671}.Release|x64.ActiveCfg = Release|Any CPU
		{0772C612-7C30-4CBE-8499-186B62970671}.Release|x86.ActiveCfg = Release|Any CPU
		{DDE311BB-FEEB-4DE9-8F53-5C2DC5B8A63F}.Debug|Any CPU.ActiveCfg = Debug|Any CPU
		{DDE311BB-FEEB-4DE9-8F53-5C2DC5B8A63F}.Debug|Any CPU.Build.0 = Debug|Any CPU
		{DDE311BB-FEEB-4DE9-8F53-5C2DC5B8A63F}.Debug|ARM.ActiveCfg = Debug|Any CPU
		{DDE311BB-FEEB-4DE9-8F53-5C2DC5B8A63F}.Debug|x64.ActiveCfg = Debug|Any CPU
		{DDE311BB-FEEB-4DE9-8F53-5C2DC5B8A63F}.Debug|x86.ActiveCfg = Debug|Any CPU
		{DDE311BB-FEEB-4DE9-8F53-5C2DC5B8A63F}.Release|Any CPU.ActiveCfg = Release|Any CPU
		{DDE311BB-FEEB-4DE9-8F53-5C2DC5B8A63F}.Release|Any CPU.Build.0 = Release|Any CPU
		{DDE311BB-FEEB-4DE9-8F53-5C2DC5B8A63F}.Release|ARM.ActiveCfg = Release|Any CPU
		{DDE311BB-FEEB-4DE9-8F53-5C2DC5B8A63F}.Release|x64.ActiveCfg = Release|Any CPU
		{DDE311BB-FEEB-4DE9-8F53-5C2DC5B8A63F}.Release|x86.ActiveCfg = Release|Any CPU
		{F56CA93C-E15A-4607-9961-074BD44C3228}.Debug|Any CPU.ActiveCfg = Debug|Any CPU
		{F56CA93C-E15A-4607-9961-074BD44C3228}.Debug|Any CPU.Build.0 = Debug|Any CPU
		{F56CA93C-E15A-4607-9961-074BD44C3228}.Debug|ARM.ActiveCfg = Debug|Any CPU
		{F56CA93C-E15A-4607-9961-074BD44C3228}.Debug|ARM.Build.0 = Debug|Any CPU
		{F56CA93C-E15A-4607-9961-074BD44C3228}.Debug|x64.ActiveCfg = Debug|Any CPU
		{F56CA93C-E15A-4607-9961-074BD44C3228}.Debug|x64.Build.0 = Debug|Any CPU
		{F56CA93C-E15A-4607-9961-074BD44C3228}.Debug|x86.ActiveCfg = Debug|Any CPU
		{F56CA93C-E15A-4607-9961-074BD44C3228}.Debug|x86.Build.0 = Debug|Any CPU
		{F56CA93C-E15A-4607-9961-074BD44C3228}.Release|Any CPU.ActiveCfg = Release|Any CPU
		{F56CA93C-E15A-4607-9961-074BD44C3228}.Release|Any CPU.Build.0 = Release|Any CPU
		{F56CA93C-E15A-4607-9961-074BD44C3228}.Release|ARM.ActiveCfg = Release|Any CPU
		{F56CA93C-E15A-4607-9961-074BD44C3228}.Release|ARM.Build.0 = Release|Any CPU
		{F56CA93C-E15A-4607-9961-074BD44C3228}.Release|x64.ActiveCfg = Release|Any CPU
		{F56CA93C-E15A-4607-9961-074BD44C3228}.Release|x64.Build.0 = Release|Any CPU
		{F56CA93C-E15A-4607-9961-074BD44C3228}.Release|x86.ActiveCfg = Release|Any CPU
		{F56CA93C-E15A-4607-9961-074BD44C3228}.Release|x86.Build.0 = Release|Any CPU
		{C6C58F02-2FA0-48A7-9862-E5C161E5AB7B}.Debug|Any CPU.ActiveCfg = Debug|Any CPU
		{C6C58F02-2FA0-48A7-9862-E5C161E5AB7B}.Debug|Any CPU.Build.0 = Debug|Any CPU
		{C6C58F02-2FA0-48A7-9862-E5C161E5AB7B}.Debug|ARM.ActiveCfg = Debug|Any CPU
		{C6C58F02-2FA0-48A7-9862-E5C161E5AB7B}.Debug|ARM.Build.0 = Debug|Any CPU
		{C6C58F02-2FA0-48A7-9862-E5C161E5AB7B}.Debug|x64.ActiveCfg = Debug|Any CPU
		{C6C58F02-2FA0-48A7-9862-E5C161E5AB7B}.Debug|x64.Build.0 = Debug|Any CPU
		{C6C58F02-2FA0-48A7-9862-E5C161E5AB7B}.Debug|x86.ActiveCfg = Debug|Any CPU
		{C6C58F02-2FA0-48A7-9862-E5C161E5AB7B}.Debug|x86.Build.0 = Debug|Any CPU
		{C6C58F02-2FA0-48A7-9862-E5C161E5AB7B}.Release|Any CPU.ActiveCfg = Release|Any CPU
		{C6C58F02-2FA0-48A7-9862-E5C161E5AB7B}.Release|Any CPU.Build.0 = Release|Any CPU
		{C6C58F02-2FA0-48A7-9862-E5C161E5AB7B}.Release|ARM.ActiveCfg = Release|Any CPU
		{C6C58F02-2FA0-48A7-9862-E5C161E5AB7B}.Release|ARM.Build.0 = Release|Any CPU
		{C6C58F02-2FA0-48A7-9862-E5C161E5AB7B}.Release|x64.ActiveCfg = Release|Any CPU
		{C6C58F02-2FA0-48A7-9862-E5C161E5AB7B}.Release|x64.Build.0 = Release|Any CPU
		{C6C58F02-2FA0-48A7-9862-E5C161E5AB7B}.Release|x86.ActiveCfg = Release|Any CPU
		{C6C58F02-2FA0-48A7-9862-E5C161E5AB7B}.Release|x86.Build.0 = Release|Any CPU
		{BA2A8276-B890-43BF-B05D-2AF2222F13A4}.Debug|Any CPU.ActiveCfg = Debug|Any CPU
		{BA2A8276-B890-43BF-B05D-2AF2222F13A4}.Debug|Any CPU.Build.0 = Debug|Any CPU
		{BA2A8276-B890-43BF-B05D-2AF2222F13A4}.Debug|ARM.ActiveCfg = Debug|Any CPU
		{BA2A8276-B890-43BF-B05D-2AF2222F13A4}.Debug|ARM.Build.0 = Debug|Any CPU
		{BA2A8276-B890-43BF-B05D-2AF2222F13A4}.Debug|x64.ActiveCfg = Debug|Any CPU
		{BA2A8276-B890-43BF-B05D-2AF2222F13A4}.Debug|x64.Build.0 = Debug|Any CPU
		{BA2A8276-B890-43BF-B05D-2AF2222F13A4}.Debug|x86.ActiveCfg = Debug|Any CPU
		{BA2A8276-B890-43BF-B05D-2AF2222F13A4}.Debug|x86.Build.0 = Debug|Any CPU
		{BA2A8276-B890-43BF-B05D-2AF2222F13A4}.Release|Any CPU.ActiveCfg = Release|Any CPU
		{BA2A8276-B890-43BF-B05D-2AF2222F13A4}.Release|Any CPU.Build.0 = Release|Any CPU
		{BA2A8276-B890-43BF-B05D-2AF2222F13A4}.Release|ARM.ActiveCfg = Release|Any CPU
		{BA2A8276-B890-43BF-B05D-2AF2222F13A4}.Release|ARM.Build.0 = Release|Any CPU
		{BA2A8276-B890-43BF-B05D-2AF2222F13A4}.Release|x64.ActiveCfg = Release|Any CPU
		{BA2A8276-B890-43BF-B05D-2AF2222F13A4}.Release|x64.Build.0 = Release|Any CPU
		{BA2A8276-B890-43BF-B05D-2AF2222F13A4}.Release|x86.ActiveCfg = Release|Any CPU
		{BA2A8276-B890-43BF-B05D-2AF2222F13A4}.Release|x86.Build.0 = Release|Any CPU
		{5BF58CC6-EF21-4EB4-9056-A6C13BEA6250}.Debug|Any CPU.ActiveCfg = Debug|Any CPU
		{5BF58CC6-EF21-4EB4-9056-A6C13BEA6250}.Debug|Any CPU.Build.0 = Debug|Any CPU
		{5BF58CC6-EF21-4EB4-9056-A6C13BEA6250}.Debug|ARM.ActiveCfg = Debug|Any CPU
		{5BF58CC6-EF21-4EB4-9056-A6C13BEA6250}.Debug|ARM.Build.0 = Debug|Any CPU
		{5BF58CC6-EF21-4EB4-9056-A6C13BEA6250}.Debug|x64.ActiveCfg = Debug|Any CPU
		{5BF58CC6-EF21-4EB4-9056-A6C13BEA6250}.Debug|x64.Build.0 = Debug|Any CPU
		{5BF58CC6-EF21-4EB4-9056-A6C13BEA6250}.Debug|x86.ActiveCfg = Debug|Any CPU
		{5BF58CC6-EF21-4EB4-9056-A6C13BEA6250}.Debug|x86.Build.0 = Debug|Any CPU
		{5BF58CC6-EF21-4EB4-9056-A6C13BEA6250}.Release|Any CPU.ActiveCfg = Release|Any CPU
		{5BF58CC6-EF21-4EB4-9056-A6C13BEA6250}.Release|Any CPU.Build.0 = Release|Any CPU
		{5BF58CC6-EF21-4EB4-9056-A6C13BEA6250}.Release|ARM.ActiveCfg = Release|Any CPU
		{5BF58CC6-EF21-4EB4-9056-A6C13BEA6250}.Release|ARM.Build.0 = Release|Any CPU
		{5BF58CC6-EF21-4EB4-9056-A6C13BEA6250}.Release|x64.ActiveCfg = Release|Any CPU
		{5BF58CC6-EF21-4EB4-9056-A6C13BEA6250}.Release|x64.Build.0 = Release|Any CPU
		{5BF58CC6-EF21-4EB4-9056-A6C13BEA6250}.Release|x86.ActiveCfg = Release|Any CPU
		{5BF58CC6-EF21-4EB4-9056-A6C13BEA6250}.Release|x86.Build.0 = Release|Any CPU
		{ACACD0AA-5ED4-4302-8A9B-E6986EC994D4}.Debug|Any CPU.ActiveCfg = Debug|Any CPU
		{ACACD0AA-5ED4-4302-8A9B-E6986EC994D4}.Debug|Any CPU.Build.0 = Debug|Any CPU
		{ACACD0AA-5ED4-4302-8A9B-E6986EC994D4}.Debug|ARM.ActiveCfg = Debug|Any CPU
		{ACACD0AA-5ED4-4302-8A9B-E6986EC994D4}.Debug|ARM.Build.0 = Debug|Any CPU
		{ACACD0AA-5ED4-4302-8A9B-E6986EC994D4}.Debug|x64.ActiveCfg = Debug|Any CPU
		{ACACD0AA-5ED4-4302-8A9B-E6986EC994D4}.Debug|x64.Build.0 = Debug|Any CPU
		{ACACD0AA-5ED4-4302-8A9B-E6986EC994D4}.Debug|x86.ActiveCfg = Debug|Any CPU
		{ACACD0AA-5ED4-4302-8A9B-E6986EC994D4}.Debug|x86.Build.0 = Debug|Any CPU
		{ACACD0AA-5ED4-4302-8A9B-E6986EC994D4}.Release|Any CPU.ActiveCfg = Release|Any CPU
		{ACACD0AA-5ED4-4302-8A9B-E6986EC994D4}.Release|Any CPU.Build.0 = Release|Any CPU
		{ACACD0AA-5ED4-4302-8A9B-E6986EC994D4}.Release|ARM.ActiveCfg = Release|Any CPU
		{ACACD0AA-5ED4-4302-8A9B-E6986EC994D4}.Release|ARM.Build.0 = Release|Any CPU
		{ACACD0AA-5ED4-4302-8A9B-E6986EC994D4}.Release|x64.ActiveCfg = Release|Any CPU
		{ACACD0AA-5ED4-4302-8A9B-E6986EC994D4}.Release|x64.Build.0 = Release|Any CPU
		{ACACD0AA-5ED4-4302-8A9B-E6986EC994D4}.Release|x86.ActiveCfg = Release|Any CPU
		{ACACD0AA-5ED4-4302-8A9B-E6986EC994D4}.Release|x86.Build.0 = Release|Any CPU
		{66255424-F482-43E7-B23D-77945739B854}.Debug|Any CPU.ActiveCfg = Debug|Any CPU
		{66255424-F482-43E7-B23D-77945739B854}.Debug|Any CPU.Build.0 = Debug|Any CPU
		{66255424-F482-43E7-B23D-77945739B854}.Debug|ARM.ActiveCfg = Debug|Any CPU
		{66255424-F482-43E7-B23D-77945739B854}.Debug|ARM.Build.0 = Debug|Any CPU
		{66255424-F482-43E7-B23D-77945739B854}.Debug|x64.ActiveCfg = Debug|Any CPU
		{66255424-F482-43E7-B23D-77945739B854}.Debug|x64.Build.0 = Debug|Any CPU
		{66255424-F482-43E7-B23D-77945739B854}.Debug|x86.ActiveCfg = Debug|Any CPU
		{66255424-F482-43E7-B23D-77945739B854}.Debug|x86.Build.0 = Debug|Any CPU
		{66255424-F482-43E7-B23D-77945739B854}.Release|Any CPU.ActiveCfg = Release|Any CPU
		{66255424-F482-43E7-B23D-77945739B854}.Release|Any CPU.Build.0 = Release|Any CPU
		{66255424-F482-43E7-B23D-77945739B854}.Release|ARM.ActiveCfg = Release|Any CPU
		{66255424-F482-43E7-B23D-77945739B854}.Release|ARM.Build.0 = Release|Any CPU
		{66255424-F482-43E7-B23D-77945739B854}.Release|x64.ActiveCfg = Release|Any CPU
		{66255424-F482-43E7-B23D-77945739B854}.Release|x64.Build.0 = Release|Any CPU
		{66255424-F482-43E7-B23D-77945739B854}.Release|x86.ActiveCfg = Release|Any CPU
		{66255424-F482-43E7-B23D-77945739B854}.Release|x86.Build.0 = Release|Any CPU
		{6227A554-CB7F-4E3D-B9A2-CE36AFE69B5E}.Debug|Any CPU.ActiveCfg = Debug|Any CPU
		{6227A554-CB7F-4E3D-B9A2-CE36AFE69B5E}.Debug|Any CPU.Build.0 = Debug|Any CPU
		{6227A554-CB7F-4E3D-B9A2-CE36AFE69B5E}.Debug|ARM.ActiveCfg = Debug|Any CPU
		{6227A554-CB7F-4E3D-B9A2-CE36AFE69B5E}.Debug|ARM.Build.0 = Debug|Any CPU
		{6227A554-CB7F-4E3D-B9A2-CE36AFE69B5E}.Debug|x64.ActiveCfg = Debug|Any CPU
		{6227A554-CB7F-4E3D-B9A2-CE36AFE69B5E}.Debug|x64.Build.0 = Debug|Any CPU
		{6227A554-CB7F-4E3D-B9A2-CE36AFE69B5E}.Debug|x86.ActiveCfg = Debug|Any CPU
		{6227A554-CB7F-4E3D-B9A2-CE36AFE69B5E}.Debug|x86.Build.0 = Debug|Any CPU
		{6227A554-CB7F-4E3D-B9A2-CE36AFE69B5E}.Release|Any CPU.ActiveCfg = Release|Any CPU
		{6227A554-CB7F-4E3D-B9A2-CE36AFE69B5E}.Release|Any CPU.Build.0 = Release|Any CPU
		{6227A554-CB7F-4E3D-B9A2-CE36AFE69B5E}.Release|ARM.ActiveCfg = Release|Any CPU
		{6227A554-CB7F-4E3D-B9A2-CE36AFE69B5E}.Release|ARM.Build.0 = Release|Any CPU
		{6227A554-CB7F-4E3D-B9A2-CE36AFE69B5E}.Release|x64.ActiveCfg = Release|Any CPU
		{6227A554-CB7F-4E3D-B9A2-CE36AFE69B5E}.Release|x64.Build.0 = Release|Any CPU
		{6227A554-CB7F-4E3D-B9A2-CE36AFE69B5E}.Release|x86.ActiveCfg = Release|Any CPU
		{6227A554-CB7F-4E3D-B9A2-CE36AFE69B5E}.Release|x86.Build.0 = Release|Any CPU
		{88972574-31D9-44F6-9E2F-690103421477}.Debug|Any CPU.ActiveCfg = Debug|Any CPU
		{88972574-31D9-44F6-9E2F-690103421477}.Debug|Any CPU.Build.0 = Debug|Any CPU
		{88972574-31D9-44F6-9E2F-690103421477}.Debug|ARM.ActiveCfg = Debug|Any CPU
		{88972574-31D9-44F6-9E2F-690103421477}.Debug|ARM.Build.0 = Debug|Any CPU
		{88972574-31D9-44F6-9E2F-690103421477}.Debug|x64.ActiveCfg = Debug|Any CPU
		{88972574-31D9-44F6-9E2F-690103421477}.Debug|x64.Build.0 = Debug|Any CPU
		{88972574-31D9-44F6-9E2F-690103421477}.Debug|x86.ActiveCfg = Debug|Any CPU
		{88972574-31D9-44F6-9E2F-690103421477}.Debug|x86.Build.0 = Debug|Any CPU
		{88972574-31D9-44F6-9E2F-690103421477}.Release|Any CPU.ActiveCfg = Release|Any CPU
		{88972574-31D9-44F6-9E2F-690103421477}.Release|Any CPU.Build.0 = Release|Any CPU
		{88972574-31D9-44F6-9E2F-690103421477}.Release|ARM.ActiveCfg = Release|Any CPU
		{88972574-31D9-44F6-9E2F-690103421477}.Release|ARM.Build.0 = Release|Any CPU
		{88972574-31D9-44F6-9E2F-690103421477}.Release|x64.ActiveCfg = Release|Any CPU
		{88972574-31D9-44F6-9E2F-690103421477}.Release|x64.Build.0 = Release|Any CPU
		{88972574-31D9-44F6-9E2F-690103421477}.Release|x86.ActiveCfg = Release|Any CPU
		{88972574-31D9-44F6-9E2F-690103421477}.Release|x86.Build.0 = Release|Any CPU
		{58131DD8-A53F-4A81-B84D-B35B930CECC9}.Debug|Any CPU.ActiveCfg = Debug|Any CPU
		{58131DD8-A53F-4A81-B84D-B35B930CECC9}.Debug|Any CPU.Build.0 = Debug|Any CPU
		{58131DD8-A53F-4A81-B84D-B35B930CECC9}.Debug|ARM.ActiveCfg = Debug|Any CPU
		{58131DD8-A53F-4A81-B84D-B35B930CECC9}.Debug|ARM.Build.0 = Debug|Any CPU
		{58131DD8-A53F-4A81-B84D-B35B930CECC9}.Debug|x64.ActiveCfg = Debug|Any CPU
		{58131DD8-A53F-4A81-B84D-B35B930CECC9}.Debug|x64.Build.0 = Debug|Any CPU
		{58131DD8-A53F-4A81-B84D-B35B930CECC9}.Debug|x86.ActiveCfg = Debug|Any CPU
		{58131DD8-A53F-4A81-B84D-B35B930CECC9}.Debug|x86.Build.0 = Debug|Any CPU
		{58131DD8-A53F-4A81-B84D-B35B930CECC9}.Release|Any CPU.ActiveCfg = Release|Any CPU
		{58131DD8-A53F-4A81-B84D-B35B930CECC9}.Release|Any CPU.Build.0 = Release|Any CPU
		{58131DD8-A53F-4A81-B84D-B35B930CECC9}.Release|ARM.ActiveCfg = Release|Any CPU
		{58131DD8-A53F-4A81-B84D-B35B930CECC9}.Release|ARM.Build.0 = Release|Any CPU
		{58131DD8-A53F-4A81-B84D-B35B930CECC9}.Release|x64.ActiveCfg = Release|Any CPU
		{58131DD8-A53F-4A81-B84D-B35B930CECC9}.Release|x64.Build.0 = Release|Any CPU
		{58131DD8-A53F-4A81-B84D-B35B930CECC9}.Release|x86.ActiveCfg = Release|Any CPU
		{58131DD8-A53F-4A81-B84D-B35B930CECC9}.Release|x86.Build.0 = Release|Any CPU
		{3DBD2AE8-2E2A-4A07-AF80-8991C8B833CC}.Debug|Any CPU.ActiveCfg = Debug|Any CPU
		{3DBD2AE8-2E2A-4A07-AF80-8991C8B833CC}.Debug|Any CPU.Build.0 = Debug|Any CPU
		{3DBD2AE8-2E2A-4A07-AF80-8991C8B833CC}.Debug|ARM.ActiveCfg = Debug|Any CPU
		{3DBD2AE8-2E2A-4A07-AF80-8991C8B833CC}.Debug|ARM.Build.0 = Debug|Any CPU
		{3DBD2AE8-2E2A-4A07-AF80-8991C8B833CC}.Debug|x64.ActiveCfg = Debug|Any CPU
		{3DBD2AE8-2E2A-4A07-AF80-8991C8B833CC}.Debug|x64.Build.0 = Debug|Any CPU
		{3DBD2AE8-2E2A-4A07-AF80-8991C8B833CC}.Debug|x86.ActiveCfg = Debug|Any CPU
		{3DBD2AE8-2E2A-4A07-AF80-8991C8B833CC}.Debug|x86.Build.0 = Debug|Any CPU
		{3DBD2AE8-2E2A-4A07-AF80-8991C8B833CC}.Release|Any CPU.ActiveCfg = Release|Any CPU
		{3DBD2AE8-2E2A-4A07-AF80-8991C8B833CC}.Release|Any CPU.Build.0 = Release|Any CPU
		{3DBD2AE8-2E2A-4A07-AF80-8991C8B833CC}.Release|ARM.ActiveCfg = Release|Any CPU
		{3DBD2AE8-2E2A-4A07-AF80-8991C8B833CC}.Release|ARM.Build.0 = Release|Any CPU
		{3DBD2AE8-2E2A-4A07-AF80-8991C8B833CC}.Release|x64.ActiveCfg = Release|Any CPU
		{3DBD2AE8-2E2A-4A07-AF80-8991C8B833CC}.Release|x64.Build.0 = Release|Any CPU
		{3DBD2AE8-2E2A-4A07-AF80-8991C8B833CC}.Release|x86.ActiveCfg = Release|Any CPU
		{3DBD2AE8-2E2A-4A07-AF80-8991C8B833CC}.Release|x86.Build.0 = Release|Any CPU
		{7B443E7F-C485-4D1A-B347-D7AE2D8BFEC9}.Debug|Any CPU.ActiveCfg = Debug|Any CPU
		{7B443E7F-C485-4D1A-B347-D7AE2D8BFEC9}.Debug|Any CPU.Build.0 = Debug|Any CPU
		{7B443E7F-C485-4D1A-B347-D7AE2D8BFEC9}.Debug|ARM.ActiveCfg = Debug|Any CPU
		{7B443E7F-C485-4D1A-B347-D7AE2D8BFEC9}.Debug|ARM.Build.0 = Debug|Any CPU
		{7B443E7F-C485-4D1A-B347-D7AE2D8BFEC9}.Debug|x64.ActiveCfg = Debug|Any CPU
		{7B443E7F-C485-4D1A-B347-D7AE2D8BFEC9}.Debug|x64.Build.0 = Debug|Any CPU
		{7B443E7F-C485-4D1A-B347-D7AE2D8BFEC9}.Debug|x86.ActiveCfg = Debug|Any CPU
		{7B443E7F-C485-4D1A-B347-D7AE2D8BFEC9}.Debug|x86.Build.0 = Debug|Any CPU
		{7B443E7F-C485-4D1A-B347-D7AE2D8BFEC9}.Release|Any CPU.ActiveCfg = Release|Any CPU
		{7B443E7F-C485-4D1A-B347-D7AE2D8BFEC9}.Release|Any CPU.Build.0 = Release|Any CPU
		{7B443E7F-C485-4D1A-B347-D7AE2D8BFEC9}.Release|ARM.ActiveCfg = Release|Any CPU
		{7B443E7F-C485-4D1A-B347-D7AE2D8BFEC9}.Release|ARM.Build.0 = Release|Any CPU
		{7B443E7F-C485-4D1A-B347-D7AE2D8BFEC9}.Release|x64.ActiveCfg = Release|Any CPU
		{7B443E7F-C485-4D1A-B347-D7AE2D8BFEC9}.Release|x64.Build.0 = Release|Any CPU
		{7B443E7F-C485-4D1A-B347-D7AE2D8BFEC9}.Release|x86.ActiveCfg = Release|Any CPU
		{7B443E7F-C485-4D1A-B347-D7AE2D8BFEC9}.Release|x86.Build.0 = Release|Any CPU
		{342C00FE-29D4-4DCA-B701-AE304B23DFEF}.Debug|Any CPU.ActiveCfg = Debug|Any CPU
		{342C00FE-29D4-4DCA-B701-AE304B23DFEF}.Debug|Any CPU.Build.0 = Debug|Any CPU
		{342C00FE-29D4-4DCA-B701-AE304B23DFEF}.Debug|ARM.ActiveCfg = Debug|Any CPU
		{342C00FE-29D4-4DCA-B701-AE304B23DFEF}.Debug|ARM.Build.0 = Debug|Any CPU
		{342C00FE-29D4-4DCA-B701-AE304B23DFEF}.Debug|x64.ActiveCfg = Debug|Any CPU
		{342C00FE-29D4-4DCA-B701-AE304B23DFEF}.Debug|x64.Build.0 = Debug|Any CPU
		{342C00FE-29D4-4DCA-B701-AE304B23DFEF}.Debug|x86.ActiveCfg = Debug|Any CPU
		{342C00FE-29D4-4DCA-B701-AE304B23DFEF}.Debug|x86.Build.0 = Debug|Any CPU
		{342C00FE-29D4-4DCA-B701-AE304B23DFEF}.Release|Any CPU.ActiveCfg = Release|Any CPU
		{342C00FE-29D4-4DCA-B701-AE304B23DFEF}.Release|Any CPU.Build.0 = Release|Any CPU
		{342C00FE-29D4-4DCA-B701-AE304B23DFEF}.Release|ARM.ActiveCfg = Release|Any CPU
		{342C00FE-29D4-4DCA-B701-AE304B23DFEF}.Release|ARM.Build.0 = Release|Any CPU
		{342C00FE-29D4-4DCA-B701-AE304B23DFEF}.Release|x64.ActiveCfg = Release|Any CPU
		{342C00FE-29D4-4DCA-B701-AE304B23DFEF}.Release|x64.Build.0 = Release|Any CPU
		{342C00FE-29D4-4DCA-B701-AE304B23DFEF}.Release|x86.ActiveCfg = Release|Any CPU
		{342C00FE-29D4-4DCA-B701-AE304B23DFEF}.Release|x86.Build.0 = Release|Any CPU
		{ECA7AC8D-2EC6-4220-B08B-4B38698163F1}.Debug|Any CPU.ActiveCfg = Debug|Any CPU
		{ECA7AC8D-2EC6-4220-B08B-4B38698163F1}.Debug|Any CPU.Build.0 = Debug|Any CPU
		{ECA7AC8D-2EC6-4220-B08B-4B38698163F1}.Debug|ARM.ActiveCfg = Debug|Any CPU
		{ECA7AC8D-2EC6-4220-B08B-4B38698163F1}.Debug|ARM.Build.0 = Debug|Any CPU
		{ECA7AC8D-2EC6-4220-B08B-4B38698163F1}.Debug|x64.ActiveCfg = Debug|Any CPU
		{ECA7AC8D-2EC6-4220-B08B-4B38698163F1}.Debug|x64.Build.0 = Debug|Any CPU
		{ECA7AC8D-2EC6-4220-B08B-4B38698163F1}.Debug|x86.ActiveCfg = Debug|Any CPU
		{ECA7AC8D-2EC6-4220-B08B-4B38698163F1}.Debug|x86.Build.0 = Debug|Any CPU
		{ECA7AC8D-2EC6-4220-B08B-4B38698163F1}.Release|Any CPU.ActiveCfg = Release|Any CPU
		{ECA7AC8D-2EC6-4220-B08B-4B38698163F1}.Release|Any CPU.Build.0 = Release|Any CPU
		{ECA7AC8D-2EC6-4220-B08B-4B38698163F1}.Release|ARM.ActiveCfg = Release|Any CPU
		{ECA7AC8D-2EC6-4220-B08B-4B38698163F1}.Release|ARM.Build.0 = Release|Any CPU
		{ECA7AC8D-2EC6-4220-B08B-4B38698163F1}.Release|x64.ActiveCfg = Release|Any CPU
		{ECA7AC8D-2EC6-4220-B08B-4B38698163F1}.Release|x64.Build.0 = Release|Any CPU
		{ECA7AC8D-2EC6-4220-B08B-4B38698163F1}.Release|x86.ActiveCfg = Release|Any CPU
		{ECA7AC8D-2EC6-4220-B08B-4B38698163F1}.Release|x86.Build.0 = Release|Any CPU
	EndGlobalSection
	GlobalSection(SolutionProperties) = preSolution
		HideSolutionNode = FALSE
	EndGlobalSection
	GlobalSection(NestedProjects) = preSolution
		{3416A2BF-4ADF-4A72-B0D9-4149A60D21E6} = {3926A2C5-EDA5-467D-8021-A6285856B343}
		{15D95364-5536-4EB6-A221-BC5AC2400EAB} = {3926A2C5-EDA5-467D-8021-A6285856B343}
		{87BBF49D-94CF-499F-825F-5643CB841B08} = {37B01BE5-D385-49CA-96C5-E4B8269138B3}
		{DE7160E5-7DB0-4B94-9CBE-280881A97E7B} = {37B01BE5-D385-49CA-96C5-E4B8269138B3}
		{D5F9154F-E74C-4BCC-88D8-71502F8115C8} = {3926A2C5-EDA5-467D-8021-A6285856B343}
		{DDE311BB-FEEB-4DE9-8F53-5C2DC5B8A63F} = {3926A2C5-EDA5-467D-8021-A6285856B343}
		{F56CA93C-E15A-4607-9961-074BD44C3228} = {3926A2C5-EDA5-467D-8021-A6285856B343}
		{6227A554-CB7F-4E3D-B9A2-CE36AFE69B5E} = {3926A2C5-EDA5-467D-8021-A6285856B343}
		{58131DD8-A53F-4A81-B84D-B35B930CECC9} = {3926A2C5-EDA5-467D-8021-A6285856B343}
	EndGlobalSection
	GlobalSection(ExtensibilityGlobals) = postSolution
		EnterpriseLibraryConfigurationToolBinariesPath = packages\Unity.2.1.505.2\lib\NET35;packages\Unity.2.1.505.0\lib\NET35
	EndGlobalSection
EndGlobal
