
Microsoft Visual Studio Solution File, Format Version 12.00
# Visual Studio 2012
Project("{FAE04EC0-301F-11D3-BF4B-00C04F79EFBC}") = "AxUnit", "AxUnit\AxUnit.csproj", "{EBF4DE7B-53CB-4F6A-8A86-BD7E0190E469}"
EndProject
Project("{2150E333-8FDC-42A3-9474-1A3956D46DE8}") = ".nuget", ".nuget", "{CCB5A139-685F-416B-889E-56078899D2B8}"
	ProjectSection(SolutionItems) = preProject
		.nuget\NuGet.Config = .nuget\NuGet.Config
		.nuget\NuGet.exe = .nuget\NuGet.exe
		.nuget\NuGet.targets = .nuget\NuGet.targets
	EndProjectSection
EndProject
Project("{FAE04EC0-301F-11D3-BF4B-00C04F79EFBC}") = "AxUnit.Sample", "AxUnit\AxUnit.Sample\AxUnit.Sample\AxUnit.Sample.csproj", "{87BBF49D-94CF-499F-825F-5643CB841B08}"
EndProject
Project("{FAE04EC0-301F-11D3-BF4B-00C04F79EFBC}") = "AxUnit.Sample.Interfaces", "AxUnit\AxUnit.Sample\AxUnit.Sample.Interfaces\AxUnit.Sample.Interfaces.csproj", "{DE7160E5-7DB0-4B94-9CBE-280881A97E7B}"
EndProject
Project("{FAE04EC0-301F-11D3-BF4B-00C04F79EFBC}") = "AxUnit.Sample.UnitTests", "AxUnit\AxUnit.Sample\AxUnit.Sample.UnitTests\AxUnit.Sample.UnitTests.csproj", "{D5F9154F-E74C-4BCC-88D8-71502F8115C8}"
EndProject
Project("{FAE04EC0-301F-11D3-BF4B-00C04F79EFBC}") = "AxEnumerable.Extensions", "AxEnumerable.Extensions\AxEnumerable.Extensions.csproj", "{650B0B3F-C4ED-4253-ABF1-D42F84ADCBDC}"
EndProject
Project("{FAE04EC0-301F-11D3-BF4B-00C04F79EFBC}") = "AxEnum", "AxEnum\AxEnum.csproj", "{16B1815A-372C-47AF-AD4F-91FD1ACB117B}"
EndProject
Global
	GlobalSection(SolutionConfigurationPlatforms) = preSolution
		Debug|Any CPU = Debug|Any CPU
		Release|Any CPU = Release|Any CPU
	EndGlobalSection
	GlobalSection(ProjectConfigurationPlatforms) = postSolution
		{EBF4DE7B-53CB-4F6A-8A86-BD7E0190E469}.Debug|Any CPU.ActiveCfg = Debug|Any CPU
		{EBF4DE7B-53CB-4F6A-8A86-BD7E0190E469}.Debug|Any CPU.Build.0 = Debug|Any CPU
		{EBF4DE7B-53CB-4F6A-8A86-BD7E0190E469}.Release|Any CPU.ActiveCfg = Release|Any CPU
		{EBF4DE7B-53CB-4F6A-8A86-BD7E0190E469}.Release|Any CPU.Build.0 = Release|Any CPU
		{87BBF49D-94CF-499F-825F-5643CB841B08}.Debug|Any CPU.ActiveCfg = Debug|Any CPU
		{87BBF49D-94CF-499F-825F-5643CB841B08}.Debug|Any CPU.Build.0 = Debug|Any CPU
		{87BBF49D-94CF-499F-825F-5643CB841B08}.Release|Any CPU.ActiveCfg = Release|Any CPU
		{87BBF49D-94CF-499F-825F-5643CB841B08}.Release|Any CPU.Build.0 = Release|Any CPU
		{DE7160E5-7DB0-4B94-9CBE-280881A97E7B}.Debug|Any CPU.ActiveCfg = Debug|Any CPU
		{DE7160E5-7DB0-4B94-9CBE-280881A97E7B}.Debug|Any CPU.Build.0 = Debug|Any CPU
		{DE7160E5-7DB0-4B94-9CBE-280881A97E7B}.Release|Any CPU.ActiveCfg = Release|Any CPU
		{DE7160E5-7DB0-4B94-9CBE-280881A97E7B}.Release|Any CPU.Build.0 = Release|Any CPU
		{D5F9154F-E74C-4BCC-88D8-71502F8115C8}.Debug|Any CPU.ActiveCfg = Debug|Any CPU
		{D5F9154F-E74C-4BCC-88D8-71502F8115C8}.Debug|Any CPU.Build.0 = Debug|Any CPU
		{D5F9154F-E74C-4BCC-88D8-71502F8115C8}.Release|Any CPU.ActiveCfg = Release|Any CPU
		{D5F9154F-E74C-4BCC-88D8-71502F8115C8}.Release|Any CPU.Build.0 = Release|Any CPU
		{650B0B3F-C4ED-4253-ABF1-D42F84ADCBDC}.Debug|Any CPU.ActiveCfg = Debug|Any CPU
		{650B0B3F-C4ED-4253-ABF1-D42F84ADCBDC}.Debug|Any CPU.Build.0 = Debug|Any CPU
		{650B0B3F-C4ED-4253-ABF1-D42F84ADCBDC}.Release|Any CPU.ActiveCfg = Release|Any CPU
		{650B0B3F-C4ED-4253-ABF1-D42F84ADCBDC}.Release|Any CPU.Build.0 = Release|Any CPU
		{16B1815A-372C-47AF-AD4F-91FD1ACB117B}.Debug|Any CPU.ActiveCfg = Debug|Any CPU
		{16B1815A-372C-47AF-AD4F-91FD1ACB117B}.Debug|Any CPU.Build.0 = Debug|Any CPU
		{16B1815A-372C-47AF-AD4F-91FD1ACB117B}.Release|Any CPU.ActiveCfg = Release|Any CPU
		{16B1815A-372C-47AF-AD4F-91FD1ACB117B}.Release|Any CPU.Build.0 = Release|Any CPU
	EndGlobalSection
	GlobalSection(SolutionProperties) = preSolution
		HideSolutionNode = FALSE
	EndGlobalSection
EndGlobal
